
Microsoft Visual Studio Solution File, Format Version 12.00
# Visual Studio Version 17
VisualStudioVersion = 17.5.002.0
MinimumVisualStudioVersion = 10.0.40219.1
Project("{9A19103F-16F7-4668-BE54-9A1E7A4F7556}") = "17laco_para", "17laco_para.csproj", "{912692C6-FAD5-4929-9B8E-3B58884FF537}"
EndProject
Global
	GlobalSection(SolutionConfigurationPlatforms) = preSolution
		Debug|Any CPU = Debug|Any CPU
		Release|Any CPU = Release|Any CPU
	EndGlobalSection
	GlobalSection(ProjectConfigurationPlatforms) = postSolution
		{912692C6-FAD5-4929-9B8E-3B58884FF537}.Debug|Any CPU.ActiveCfg = Debug|Any CPU
		{912692C6-FAD5-4929-9B8E-3B58884FF537}.Debug|Any CPU.Build.0 = Debug|Any CPU
		{912692C6-FAD5-4929-9B8E-3B58884FF537}.Release|Any CPU.ActiveCfg = Release|Any CPU
		{912692C6-FAD5-4929-9B8E-3B58884FF537}.Release|Any CPU.Build.0 = Release|Any CPU
	EndGlobalSection
	GlobalSection(SolutionProperties) = preSolution
		HideSolutionNode = FALSE
	EndGlobalSection
	GlobalSection(ExtensibilityGlobals) = postSolution
		SolutionGuid = {1CD1C5B7-05BC-4395-ACF3-E891103F8977}
	EndGlobalSection
EndGlobal
