
Microsoft Visual Studio Solution File, Format Version 12.00
# Visual Studio Version 17
VisualStudioVersion = 17.5.002.0
MinimumVisualStudioVersion = 10.0.40219.1
Project("{9A19103F-16F7-4668-BE54-9A1E7A4F7556}") = "09horarios", "09horarios.csproj", "{FBF1A198-5AB4-4823-AF84-92BD82A84359}"
EndProject
Global
	GlobalSection(SolutionConfigurationPlatforms) = preSolution
		Debug|Any CPU = Debug|Any CPU
		Release|Any CPU = Release|Any CPU
	EndGlobalSection
	GlobalSection(ProjectConfigurationPlatforms) = postSolution
		{FBF1A198-5AB4-4823-AF84-92BD82A84359}.Debug|Any CPU.ActiveCfg = Debug|Any CPU
		{FBF1A198-5AB4-4823-AF84-92BD82A84359}.Debug|Any CPU.Build.0 = Debug|Any CPU
		{FBF1A198-5AB4-4823-AF84-92BD82A84359}.Release|Any CPU.ActiveCfg = Release|Any CPU
		{FBF1A198-5AB4-4823-AF84-92BD82A84359}.Release|Any CPU.Build.0 = Release|Any CPU
	EndGlobalSection
	GlobalSection(SolutionProperties) = preSolution
		HideSolutionNode = FALSE
	EndGlobalSection
	GlobalSection(ExtensibilityGlobals) = postSolution
		SolutionGuid = {556519EA-5F15-4D9B-B2EF-6DAED65579DE}
	EndGlobalSection
EndGlobal
