
Microsoft Visual Studio Solution File, Format Version 12.00
# Visual Studio Version 17
VisualStudioVersion = 17.5.002.0
MinimumVisualStudioVersion = 10.0.40219.1
Project("{9A19103F-16F7-4668-BE54-9A1E7A4F7556}") = "05interacao", "05interacao.csproj", "{5F5596C1-7029-4BCA-93DF-B2CE0A476007}"
EndProject
Global
	GlobalSection(SolutionConfigurationPlatforms) = preSolution
		Debug|Any CPU = Debug|Any CPU
		Release|Any CPU = Release|Any CPU
	EndGlobalSection
	GlobalSection(ProjectConfigurationPlatforms) = postSolution
		{5F5596C1-7029-4BCA-93DF-B2CE0A476007}.Debug|Any CPU.ActiveCfg = Debug|Any CPU
		{5F5596C1-7029-4BCA-93DF-B2CE0A476007}.Debug|Any CPU.Build.0 = Debug|Any CPU
		{5F5596C1-7029-4BCA-93DF-B2CE0A476007}.Release|Any CPU.ActiveCfg = Release|Any CPU
		{5F5596C1-7029-4BCA-93DF-B2CE0A476007}.Release|Any CPU.Build.0 = Release|Any CPU
	EndGlobalSection
	GlobalSection(SolutionProperties) = preSolution
		HideSolutionNode = FALSE
	EndGlobalSection
	GlobalSection(ExtensibilityGlobals) = postSolution
		SolutionGuid = {5840A112-32A2-4F64-A388-431C061A8322}
	EndGlobalSection
EndGlobal
