
Microsoft Visual Studio Solution File, Format Version 12.00
# Visual Studio Version 17
VisualStudioVersion = 17.5.002.0
MinimumVisualStudioVersion = 10.0.40219.1
Project("{9A19103F-16F7-4668-BE54-9A1E7A4F7556}") = "18vetor", "18vetor.csproj", "{9DA34BDE-8D5A-4301-9D0E-97DD22CCC983}"
EndProject
Global
	GlobalSection(SolutionConfigurationPlatforms) = preSolution
		Debug|Any CPU = Debug|Any CPU
		Release|Any CPU = Release|Any CPU
	EndGlobalSection
	GlobalSection(ProjectConfigurationPlatforms) = postSolution
		{9DA34BDE-8D5A-4301-9D0E-97DD22CCC983}.Debug|Any CPU.ActiveCfg = Debug|Any CPU
		{9DA34BDE-8D5A-4301-9D0E-97DD22CCC983}.Debug|Any CPU.Build.0 = Debug|Any CPU
		{9DA34BDE-8D5A-4301-9D0E-97DD22CCC983}.Release|Any CPU.ActiveCfg = Release|Any CPU
		{9DA34BDE-8D5A-4301-9D0E-97DD22CCC983}.Release|Any CPU.Build.0 = Release|Any CPU
	EndGlobalSection
	GlobalSection(SolutionProperties) = preSolution
		HideSolutionNode = FALSE
	EndGlobalSection
	GlobalSection(ExtensibilityGlobals) = postSolution
		SolutionGuid = {FA6AD96A-AD33-4AB0-A2BD-886289B3D2C0}
	EndGlobalSection
EndGlobal
