
Microsoft Visual Studio Solution File, Format Version 12.00
# Visual Studio Version 17
VisualStudioVersion = 17.5.002.0
MinimumVisualStudioVersion = 10.0.40219.1
Project("{9A19103F-16F7-4668-BE54-9A1E7A4F7556}") = "19laco_foreach", "19laco_foreach.csproj", "{BBE65F20-D6B8-439D-8B8B-158B1000D657}"
EndProject
Global
	GlobalSection(SolutionConfigurationPlatforms) = preSolution
		Debug|Any CPU = Debug|Any CPU
		Release|Any CPU = Release|Any CPU
	EndGlobalSection
	GlobalSection(ProjectConfigurationPlatforms) = postSolution
		{BBE65F20-D6B8-439D-8B8B-158B1000D657}.Debug|Any CPU.ActiveCfg = Debug|Any CPU
		{BBE65F20-D6B8-439D-8B8B-158B1000D657}.Debug|Any CPU.Build.0 = Debug|Any CPU
		{BBE65F20-D6B8-439D-8B8B-158B1000D657}.Release|Any CPU.ActiveCfg = Release|Any CPU
		{BBE65F20-D6B8-439D-8B8B-158B1000D657}.Release|Any CPU.Build.0 = Release|Any CPU
	EndGlobalSection
	GlobalSection(SolutionProperties) = preSolution
		HideSolutionNode = FALSE
	EndGlobalSection
	GlobalSection(ExtensibilityGlobals) = postSolution
		SolutionGuid = {2BBC5CE6-B1E7-4E81-92B8-C397F2C1DA4D}
	EndGlobalSection
EndGlobal
