
Microsoft Visual Studio Solution File, Format Version 12.00
# Visual Studio Version 17
VisualStudioVersion = 17.5.002.0
MinimumVisualStudioVersion = 10.0.40219.1
Project("{9A19103F-16F7-4668-BE54-9A1E7A4F7556}") = "12condicional_operadores_logicos", "12condicional_operadores_logicos.csproj", "{08AB7D63-6C7E-45C4-AE97-0E5E1C78D114}"
EndProject
Global
	GlobalSection(SolutionConfigurationPlatforms) = preSolution
		Debug|Any CPU = Debug|Any CPU
		Release|Any CPU = Release|Any CPU
	EndGlobalSection
	GlobalSection(ProjectConfigurationPlatforms) = postSolution
		{08AB7D63-6C7E-45C4-AE97-0E5E1C78D114}.Debug|Any CPU.ActiveCfg = Debug|Any CPU
		{08AB7D63-6C7E-45C4-AE97-0E5E1C78D114}.Debug|Any CPU.Build.0 = Debug|Any CPU
		{08AB7D63-6C7E-45C4-AE97-0E5E1C78D114}.Release|Any CPU.ActiveCfg = Release|Any CPU
		{08AB7D63-6C7E-45C4-AE97-0E5E1C78D114}.Release|Any CPU.Build.0 = Release|Any CPU
	EndGlobalSection
	GlobalSection(SolutionProperties) = preSolution
		HideSolutionNode = FALSE
	EndGlobalSection
	GlobalSection(ExtensibilityGlobals) = postSolution
		SolutionGuid = {C560878D-6293-4E48-90EA-140CF7D04D35}
	EndGlobalSection
EndGlobal
